
Microsoft Visual Studio Solution File, Format Version 12.00
# Visual Studio Version 17
VisualStudioVersion = 17.0.31903.59
MinimumVisualStudioVersion = 10.0.40219.1
Project("{9A19103F-16F7-4668-BE54-9A1E7A4F7556}") = "APINews", "APINews\APINews.csproj", "{C3E0E2B2-1C6F-4014-B8F3-F989E4BA824F}"
EndProject
Project("{9A19103F-16F7-4668-BE54-9A1E7A4F7556}") = "MVCNews", "MVCNews\MVCNews.csproj", "{58FBA810-4742-49C2-9285-FDD89C7DEE00}"
EndProject
Project("{9A19103F-16F7-4668-BE54-9A1E7A4F7556}") = "LoggerService", "LoggerService\LoggerService.csproj", "{7FCB4045-D21E-42F3-931E-B8C0898FB4F3}"
EndProject
Project("{9A19103F-16F7-4668-BE54-9A1E7A4F7556}") = "Contract", "Contract\Contract.csproj", "{12CD5A2F-32AE-4CA3-8E0B-67BA864D4A04}"
EndProject
Project("{9A19103F-16F7-4668-BE54-9A1E7A4F7556}") = "Entities", "Entities\Entities.csproj", "{F9DDBC42-15E2-4201-B4F3-F011F969D6D1}"
EndProject
Project("{9A19103F-16F7-4668-BE54-9A1E7A4F7556}") = "NewsTests", "NewsTests\NewsTests.csproj", "{7EE14B11-20C7-4197-BE65-DB5EA87D4F1C}"
EndProject
Project("{2150E333-8FDC-42A3-9474-1A3956D46DE8}") = "Solution Items", "Solution Items", "{6D732C69-D07E-427B-829F-1FA3B91B9EB1}"
	ProjectSection(SolutionItems) = preProject
		readme.md = readme.md
	EndProjectSection
EndProject
Project("{FAE04EC0-301F-11D3-BF4B-00C04F79EFBC}") = "DALNews", "DALNews\DALNews.csproj", "{64CECDA4-D9C3-44DD-BCFA-95EDE3DAE681}"
EndProject
Project("{9A19103F-16F7-4668-BE54-9A1E7A4F7556}") = "BLLNews", "BLLNews\BLLNews.csproj", "{33E915E6-1026-49A8-90D4-7450FF77EFDA}"
EndProject
Global
	GlobalSection(SolutionConfigurationPlatforms) = preSolution
		Debug|Any CPU = Debug|Any CPU
		Release|Any CPU = Release|Any CPU
	EndGlobalSection
	GlobalSection(ProjectConfigurationPlatforms) = postSolution
		{C3E0E2B2-1C6F-4014-B8F3-F989E4BA824F}.Debug|Any CPU.ActiveCfg = Debug|Any CPU
		{C3E0E2B2-1C6F-4014-B8F3-F989E4BA824F}.Debug|Any CPU.Build.0 = Debug|Any CPU
		{C3E0E2B2-1C6F-4014-B8F3-F989E4BA824F}.Release|Any CPU.ActiveCfg = Release|Any CPU
		{C3E0E2B2-1C6F-4014-B8F3-F989E4BA824F}.Release|Any CPU.Build.0 = Release|Any CPU
		{58FBA810-4742-49C2-9285-FDD89C7DEE00}.Debug|Any CPU.ActiveCfg = Debug|Any CPU
		{58FBA810-4742-49C2-9285-FDD89C7DEE00}.Debug|Any CPU.Build.0 = Debug|Any CPU
		{58FBA810-4742-49C2-9285-FDD89C7DEE00}.Release|Any CPU.ActiveCfg = Release|Any CPU
		{58FBA810-4742-49C2-9285-FDD89C7DEE00}.Release|Any CPU.Build.0 = Release|Any CPU
		{7FCB4045-D21E-42F3-931E-B8C0898FB4F3}.Debug|Any CPU.ActiveCfg = Debug|Any CPU
		{7FCB4045-D21E-42F3-931E-B8C0898FB4F3}.Debug|Any CPU.Build.0 = Debug|Any CPU
		{7FCB4045-D21E-42F3-931E-B8C0898FB4F3}.Release|Any CPU.ActiveCfg = Release|Any CPU
		{7FCB4045-D21E-42F3-931E-B8C0898FB4F3}.Release|Any CPU.Build.0 = Release|Any CPU
		{12CD5A2F-32AE-4CA3-8E0B-67BA864D4A04}.Debug|Any CPU.ActiveCfg = Debug|Any CPU
		{12CD5A2F-32AE-4CA3-8E0B-67BA864D4A04}.Debug|Any CPU.Build.0 = Debug|Any CPU
		{12CD5A2F-32AE-4CA3-8E0B-67BA864D4A04}.Release|Any CPU.ActiveCfg = Release|Any CPU
		{12CD5A2F-32AE-4CA3-8E0B-67BA864D4A04}.Release|Any CPU.Build.0 = Release|Any CPU
		{F9DDBC42-15E2-4201-B4F3-F011F969D6D1}.Debug|Any CPU.ActiveCfg = Debug|Any CPU
		{F9DDBC42-15E2-4201-B4F3-F011F969D6D1}.Debug|Any CPU.Build.0 = Debug|Any CPU
		{F9DDBC42-15E2-4201-B4F3-F011F969D6D1}.Release|Any CPU.ActiveCfg = Release|Any CPU
		{F9DDBC42-15E2-4201-B4F3-F011F969D6D1}.Release|Any CPU.Build.0 = Release|Any CPU
		{7EE14B11-20C7-4197-BE65-DB5EA87D4F1C}.Debug|Any CPU.ActiveCfg = Debug|Any CPU
		{7EE14B11-20C7-4197-BE65-DB5EA87D4F1C}.Debug|Any CPU.Build.0 = Debug|Any CPU
		{7EE14B11-20C7-4197-BE65-DB5EA87D4F1C}.Release|Any CPU.ActiveCfg = Release|Any CPU
		{7EE14B11-20C7-4197-BE65-DB5EA87D4F1C}.Release|Any CPU.Build.0 = Release|Any CPU
		{64CECDA4-D9C3-44DD-BCFA-95EDE3DAE681}.Debug|Any CPU.ActiveCfg = Debug|Any CPU
		{64CECDA4-D9C3-44DD-BCFA-95EDE3DAE681}.Debug|Any CPU.Build.0 = Debug|Any CPU
		{64CECDA4-D9C3-44DD-BCFA-95EDE3DAE681}.Release|Any CPU.ActiveCfg = Release|Any CPU
		{64CECDA4-D9C3-44DD-BCFA-95EDE3DAE681}.Release|Any CPU.Build.0 = Release|Any CPU
		{33E915E6-1026-49A8-90D4-7450FF77EFDA}.Debug|Any CPU.ActiveCfg = Debug|Any CPU
		{33E915E6-1026-49A8-90D4-7450FF77EFDA}.Debug|Any CPU.Build.0 = Debug|Any CPU
		{33E915E6-1026-49A8-90D4-7450FF77EFDA}.Release|Any CPU.ActiveCfg = Release|Any CPU
		{33E915E6-1026-49A8-90D4-7450FF77EFDA}.Release|Any CPU.Build.0 = Release|Any CPU
	EndGlobalSection
	GlobalSection(SolutionProperties) = preSolution
		HideSolutionNode = FALSE
	EndGlobalSection
	GlobalSection(ExtensibilityGlobals) = postSolution
		SolutionGuid = {3A43D211-B277-4EEE-9EAA-63B04D88D28B}
	EndGlobalSection
EndGlobal
